
Microsoft Visual Studio Solution File, Format Version 12.00
# Visual Studio Version 17
VisualStudioVersion = 17.4.33110.190
MinimumVisualStudioVersion = 10.0.40219.1
Project("{FAE04EC0-301F-11D3-BF4B-00C04F79EFBC}") = "form derslerı zar oyunu", "form derslerı zar oyunu\form derslerı zar oyunu.csproj", "{83CF617F-453E-44FA-A4EE-64377024AF3F}"
EndProject
Global
	GlobalSection(SolutionConfigurationPlatforms) = preSolution
		Debug|Any CPU = Debug|Any CPU
		Release|Any CPU = Release|Any CPU
	EndGlobalSection
	GlobalSection(ProjectConfigurationPlatforms) = postSolution
		{83CF617F-453E-44FA-A4EE-64377024AF3F}.Debug|Any CPU.ActiveCfg = Debug|Any CPU
		{83CF617F-453E-44FA-A4EE-64377024AF3F}.Debug|Any CPU.Build.0 = Debug|Any CPU
		{83CF617F-453E-44FA-A4EE-64377024AF3F}.Release|Any CPU.ActiveCfg = Release|Any CPU
		{83CF617F-453E-44FA-A4EE-64377024AF3F}.Release|Any CPU.Build.0 = Release|Any CPU
	EndGlobalSection
	GlobalSection(SolutionProperties) = preSolution
		HideSolutionNode = FALSE
	EndGlobalSection
	GlobalSection(ExtensibilityGlobals) = postSolution
		SolutionGuid = {3D248FF3-48F2-4D18-BB5D-04D2C486FE13}
	EndGlobalSection
EndGlobal
